
Microsoft Visual Studio Solution File, Format Version 12.00
# Visual Studio 15
VisualStudioVersion = 15.0.28307.2092
MinimumVisualStudioVersion = 10.0.40219.1
Project("{FAE04EC0-301F-11D3-BF4B-00C04F79EFBC}") = "Uygulama6", "Uygulama6\Uygulama6.csproj", "{1E908F8D-92E7-4156-8659-7FFF6632013A}"
EndProject
Global
	GlobalSection(SolutionConfigurationPlatforms) = preSolution
		Debug|Any CPU = Debug|Any CPU
		Release|Any CPU = Release|Any CPU
	EndGlobalSection
	GlobalSection(ProjectConfigurationPlatforms) = postSolution
		{1E908F8D-92E7-4156-8659-7FFF6632013A}.Debug|Any CPU.ActiveCfg = Debug|Any CPU
		{1E908F8D-92E7-4156-8659-7FFF6632013A}.Debug|Any CPU.Build.0 = Debug|Any CPU
		{1E908F8D-92E7-4156-8659-7FFF6632013A}.Release|Any CPU.ActiveCfg = Release|Any CPU
		{1E908F8D-92E7-4156-8659-7FFF6632013A}.Release|Any CPU.Build.0 = Release|Any CPU
	EndGlobalSection
	GlobalSection(SolutionProperties) = preSolution
		HideSolutionNode = FALSE
	EndGlobalSection
	GlobalSection(ExtensibilityGlobals) = postSolution
		SolutionGuid = {563AC0C6-0753-4B73-9B49-6ECEEEE8AE88}
	EndGlobalSection
EndGlobal
