
Microsoft Visual Studio Solution File, Format Version 12.00
# Visual Studio 15
VisualStudioVersion = 15.0.28307.2092
MinimumVisualStudioVersion = 10.0.40219.1
Project("{FAE04EC0-301F-11D3-BF4B-00C04F79EFBC}") = "Uygulama3", "Uygulama3\Uygulama3.csproj", "{3F86F05B-BA3F-4B1F-B465-55D878BAE819}"
EndProject
Global
	GlobalSection(SolutionConfigurationPlatforms) = preSolution
		Debug|Any CPU = Debug|Any CPU
		Release|Any CPU = Release|Any CPU
	EndGlobalSection
	GlobalSection(ProjectConfigurationPlatforms) = postSolution
		{3F86F05B-BA3F-4B1F-B465-55D878BAE819}.Debug|Any CPU.ActiveCfg = Debug|Any CPU
		{3F86F05B-BA3F-4B1F-B465-55D878BAE819}.Debug|Any CPU.Build.0 = Debug|Any CPU
		{3F86F05B-BA3F-4B1F-B465-55D878BAE819}.Release|Any CPU.ActiveCfg = Release|Any CPU
		{3F86F05B-BA3F-4B1F-B465-55D878BAE819}.Release|Any CPU.Build.0 = Release|Any CPU
	EndGlobalSection
	GlobalSection(SolutionProperties) = preSolution
		HideSolutionNode = FALSE
	EndGlobalSection
	GlobalSection(ExtensibilityGlobals) = postSolution
		SolutionGuid = {40ED172B-F6BA-4282-B938-543082E97160}
	EndGlobalSection
EndGlobal
